
Microsoft Visual Studio Solution File, Format Version 12.00
# Visual Studio Version 17
VisualStudioVersion = 17.0.31919.166
MinimumVisualStudioVersion = 10.0.40219.1
Project("{9A19103F-16F7-4668-BE54-9A1E7A4F7556}") = "Day1", "Day1\Day1.csproj", "{EE65375A-9F52-4E47-8B42-8AE5AFE25930}"
EndProject
Project("{9A19103F-16F7-4668-BE54-9A1E7A4F7556}") = "Day2", "Day2\Day2.csproj", "{ABC52248-6047-4CDF-93AD-771B4C183E8E}"
EndProject
Project("{2150E333-8FDC-42A3-9474-1A3956D46DE8}") = "Solution Items", "Solution Items", "{FD5934D4-03CB-473C-B31E-6C49470B30C7}"
	ProjectSection(SolutionItems) = preProject
		README.md = README.md
	EndProjectSection
EndProject
Project("{9A19103F-16F7-4668-BE54-9A1E7A4F7556}") = "Day3", "Day3\Day3.csproj", "{54A10C18-DC0D-4684-9C50-350A2C8C3D1E}"
EndProject
Project("{9A19103F-16F7-4668-BE54-9A1E7A4F7556}") = "Day5", "Day5\Day5.csproj", "{3964979C-35AC-497C-AEF1-180F49924389}"
EndProject
Project("{9A19103F-16F7-4668-BE54-9A1E7A4F7556}") = "Day4", "Day4\Day4.csproj", "{C23EDCED-9A4C-4870-A5C4-36B4B8B6B469}"
EndProject
Project("{9A19103F-16F7-4668-BE54-9A1E7A4F7556}") = "Day7", "Day7\Day7.csproj", "{309E1F1E-9880-4553-B525-49DD483E47C0}"
EndProject
Project("{9A19103F-16F7-4668-BE54-9A1E7A4F7556}") = "Day6", "Day6\Day6.csproj", "{D89F5CC2-28F4-47D9-AF57-2928FF75B792}"
EndProject
Project("{9A19103F-16F7-4668-BE54-9A1E7A4F7556}") = "Day8", "Day8\Day8.csproj", "{3F497559-60E3-4BC7-8C94-19F223A64070}"
EndProject
Project("{9A19103F-16F7-4668-BE54-9A1E7A4F7556}") = "Day9", "Day9\Day9.csproj", "{5828E8E9-47D2-4133-A107-EC36739182DC}"
EndProject
Project("{9A19103F-16F7-4668-BE54-9A1E7A4F7556}") = "Day10", "Day10\Day10.csproj", "{430098D5-AE07-41F5-A169-08A8ED4769D1}"
EndProject
Project("{FAE04EC0-301F-11D3-BF4B-00C04F79EFBC}") = "Day11", "Day11\Day11.csproj", "{52BBBCFE-602F-422A-A6E8-B3CA290BE6F3}"
EndProject
Global
	GlobalSection(SolutionConfigurationPlatforms) = preSolution
		Debug|Any CPU = Debug|Any CPU
		Release|Any CPU = Release|Any CPU
	EndGlobalSection
	GlobalSection(ProjectConfigurationPlatforms) = postSolution
		{EE65375A-9F52-4E47-8B42-8AE5AFE25930}.Debug|Any CPU.ActiveCfg = Debug|Any CPU
		{EE65375A-9F52-4E47-8B42-8AE5AFE25930}.Debug|Any CPU.Build.0 = Debug|Any CPU
		{EE65375A-9F52-4E47-8B42-8AE5AFE25930}.Release|Any CPU.ActiveCfg = Release|Any CPU
		{EE65375A-9F52-4E47-8B42-8AE5AFE25930}.Release|Any CPU.Build.0 = Release|Any CPU
		{ABC52248-6047-4CDF-93AD-771B4C183E8E}.Debug|Any CPU.ActiveCfg = Debug|Any CPU
		{ABC52248-6047-4CDF-93AD-771B4C183E8E}.Debug|Any CPU.Build.0 = Debug|Any CPU
		{ABC52248-6047-4CDF-93AD-771B4C183E8E}.Release|Any CPU.ActiveCfg = Release|Any CPU
		{ABC52248-6047-4CDF-93AD-771B4C183E8E}.Release|Any CPU.Build.0 = Release|Any CPU
		{54A10C18-DC0D-4684-9C50-350A2C8C3D1E}.Debug|Any CPU.ActiveCfg = Debug|Any CPU
		{54A10C18-DC0D-4684-9C50-350A2C8C3D1E}.Debug|Any CPU.Build.0 = Debug|Any CPU
		{54A10C18-DC0D-4684-9C50-350A2C8C3D1E}.Release|Any CPU.ActiveCfg = Release|Any CPU
		{54A10C18-DC0D-4684-9C50-350A2C8C3D1E}.Release|Any CPU.Build.0 = Release|Any CPU
		{3964979C-35AC-497C-AEF1-180F49924389}.Debug|Any CPU.ActiveCfg = Debug|Any CPU
		{3964979C-35AC-497C-AEF1-180F49924389}.Debug|Any CPU.Build.0 = Debug|Any CPU
		{3964979C-35AC-497C-AEF1-180F49924389}.Release|Any CPU.ActiveCfg = Release|Any CPU
		{3964979C-35AC-497C-AEF1-180F49924389}.Release|Any CPU.Build.0 = Release|Any CPU
		{C23EDCED-9A4C-4870-A5C4-36B4B8B6B469}.Debug|Any CPU.ActiveCfg = Debug|Any CPU
		{C23EDCED-9A4C-4870-A5C4-36B4B8B6B469}.Debug|Any CPU.Build.0 = Debug|Any CPU
		{C23EDCED-9A4C-4870-A5C4-36B4B8B6B469}.Release|Any CPU.ActiveCfg = Release|Any CPU
		{C23EDCED-9A4C-4870-A5C4-36B4B8B6B469}.Release|Any CPU.Build.0 = Release|Any CPU
		{309E1F1E-9880-4553-B525-49DD483E47C0}.Debug|Any CPU.ActiveCfg = Debug|Any CPU
		{309E1F1E-9880-4553-B525-49DD483E47C0}.Debug|Any CPU.Build.0 = Debug|Any CPU
		{309E1F1E-9880-4553-B525-49DD483E47C0}.Release|Any CPU.ActiveCfg = Release|Any CPU
		{309E1F1E-9880-4553-B525-49DD483E47C0}.Release|Any CPU.Build.0 = Release|Any CPU
		{D89F5CC2-28F4-47D9-AF57-2928FF75B792}.Debug|Any CPU.ActiveCfg = Debug|Any CPU
		{D89F5CC2-28F4-47D9-AF57-2928FF75B792}.Debug|Any CPU.Build.0 = Debug|Any CPU
		{D89F5CC2-28F4-47D9-AF57-2928FF75B792}.Release|Any CPU.ActiveCfg = Release|Any CPU
		{D89F5CC2-28F4-47D9-AF57-2928FF75B792}.Release|Any CPU.Build.0 = Release|Any CPU
		{3F497559-60E3-4BC7-8C94-19F223A64070}.Debug|Any CPU.ActiveCfg = Debug|Any CPU
		{3F497559-60E3-4BC7-8C94-19F223A64070}.Debug|Any CPU.Build.0 = Debug|Any CPU
		{3F497559-60E3-4BC7-8C94-19F223A64070}.Release|Any CPU.ActiveCfg = Release|Any CPU
		{3F497559-60E3-4BC7-8C94-19F223A64070}.Release|Any CPU.Build.0 = Release|Any CPU
		{5828E8E9-47D2-4133-A107-EC36739182DC}.Debug|Any CPU.ActiveCfg = Debug|Any CPU
		{5828E8E9-47D2-4133-A107-EC36739182DC}.Debug|Any CPU.Build.0 = Debug|Any CPU
		{5828E8E9-47D2-4133-A107-EC36739182DC}.Release|Any CPU.ActiveCfg = Release|Any CPU
		{5828E8E9-47D2-4133-A107-EC36739182DC}.Release|Any CPU.Build.0 = Release|Any CPU
		{430098D5-AE07-41F5-A169-08A8ED4769D1}.Debug|Any CPU.ActiveCfg = Debug|Any CPU
		{430098D5-AE07-41F5-A169-08A8ED4769D1}.Debug|Any CPU.Build.0 = Debug|Any CPU
		{430098D5-AE07-41F5-A169-08A8ED4769D1}.Release|Any CPU.ActiveCfg = Release|Any CPU
		{430098D5-AE07-41F5-A169-08A8ED4769D1}.Release|Any CPU.Build.0 = Release|Any CPU
		{52BBBCFE-602F-422A-A6E8-B3CA290BE6F3}.Debug|Any CPU.ActiveCfg = Debug|Any CPU
		{52BBBCFE-602F-422A-A6E8-B3CA290BE6F3}.Debug|Any CPU.Build.0 = Debug|Any CPU
		{52BBBCFE-602F-422A-A6E8-B3CA290BE6F3}.Release|Any CPU.ActiveCfg = Release|Any CPU
		{52BBBCFE-602F-422A-A6E8-B3CA290BE6F3}.Release|Any CPU.Build.0 = Release|Any CPU
	EndGlobalSection
	GlobalSection(SolutionProperties) = preSolution
		HideSolutionNode = FALSE
	EndGlobalSection
	GlobalSection(ExtensibilityGlobals) = postSolution
		SolutionGuid = {C024BC74-DD1E-415A-B466-862AF0B12859}
	EndGlobalSection
EndGlobal
